
Microsoft Visual Studio Solution File, Format Version 12.00
# Visual Studio Version 17
VisualStudioVersion = 17.2.32516.85
MinimumVisualStudioVersion = 10.0.40219.1
Project("{FAE04EC0-301F-11D3-BF4B-00C04F79EFBC}") = "MainProjectCORE", "MainProjectCORE\MainProjectCORE.csproj", "{82B93810-EA14-4A8B-AF9A-E6A49CF27FFA}"
EndProject
Project("{FAE04EC0-301F-11D3-BF4B-00C04F79EFBC}") = "MainProjectRepository(DAL)", "MainProjectRepository(DAL)\MainProjectRepository(DAL).csproj", "{892B73F3-7FF1-40AF-BE90-1E8FD8ADE62F}"
EndProject
Project("{FAE04EC0-301F-11D3-BF4B-00C04F79EFBC}") = "MainProjectService", "MainProjectService\MainProjectService.csproj", "{C3C17869-BFB2-44A1-B67A-6E6A3515D507}"
EndProject
Project("{FAE04EC0-301F-11D3-BF4B-00C04F79EFBC}") = "MainProjectAPI", "MainProjectAPI\MainProjectAPI.csproj", "{EDD61DA0-9F5C-4A82-AF99-7BFEEAE04970}"
EndProject
Project("{FAE04EC0-301F-11D3-BF4B-00C04F79EFBC}") = "MainProject.WEBMVC", "MainProject.WEBMVC\MainProject.WEBMVC.csproj", "{FD448890-59C0-4E4C-ADD4-6E979A959F0D}"
EndProject
Project("{FAE04EC0-301F-11D3-BF4B-00C04F79EFBC}") = "Caching", "Caching\Caching.csproj", "{1DDE30BC-5E85-468B-80DF-7B8945AE6F71}"
EndProject
Global
	GlobalSection(SolutionConfigurationPlatforms) = preSolution
		Debug|Any CPU = Debug|Any CPU
		Release|Any CPU = Release|Any CPU
	EndGlobalSection
	GlobalSection(ProjectConfigurationPlatforms) = postSolution
		{82B93810-EA14-4A8B-AF9A-E6A49CF27FFA}.Debug|Any CPU.ActiveCfg = Debug|Any CPU
		{82B93810-EA14-4A8B-AF9A-E6A49CF27FFA}.Debug|Any CPU.Build.0 = Debug|Any CPU
		{82B93810-EA14-4A8B-AF9A-E6A49CF27FFA}.Release|Any CPU.ActiveCfg = Release|Any CPU
		{82B93810-EA14-4A8B-AF9A-E6A49CF27FFA}.Release|Any CPU.Build.0 = Release|Any CPU
		{892B73F3-7FF1-40AF-BE90-1E8FD8ADE62F}.Debug|Any CPU.ActiveCfg = Debug|Any CPU
		{892B73F3-7FF1-40AF-BE90-1E8FD8ADE62F}.Debug|Any CPU.Build.0 = Debug|Any CPU
		{892B73F3-7FF1-40AF-BE90-1E8FD8ADE62F}.Release|Any CPU.ActiveCfg = Release|Any CPU
		{892B73F3-7FF1-40AF-BE90-1E8FD8ADE62F}.Release|Any CPU.Build.0 = Release|Any CPU
		{C3C17869-BFB2-44A1-B67A-6E6A3515D507}.Debug|Any CPU.ActiveCfg = Debug|Any CPU
		{C3C17869-BFB2-44A1-B67A-6E6A3515D507}.Debug|Any CPU.Build.0 = Debug|Any CPU
		{C3C17869-BFB2-44A1-B67A-6E6A3515D507}.Release|Any CPU.ActiveCfg = Release|Any CPU
		{C3C17869-BFB2-44A1-B67A-6E6A3515D507}.Release|Any CPU.Build.0 = Release|Any CPU
		{EDD61DA0-9F5C-4A82-AF99-7BFEEAE04970}.Debug|Any CPU.ActiveCfg = Debug|Any CPU
		{EDD61DA0-9F5C-4A82-AF99-7BFEEAE04970}.Debug|Any CPU.Build.0 = Debug|Any CPU
		{EDD61DA0-9F5C-4A82-AF99-7BFEEAE04970}.Release|Any CPU.ActiveCfg = Release|Any CPU
		{EDD61DA0-9F5C-4A82-AF99-7BFEEAE04970}.Release|Any CPU.Build.0 = Release|Any CPU
		{FD448890-59C0-4E4C-ADD4-6E979A959F0D}.Debug|Any CPU.ActiveCfg = Debug|Any CPU
		{FD448890-59C0-4E4C-ADD4-6E979A959F0D}.Debug|Any CPU.Build.0 = Debug|Any CPU
		{FD448890-59C0-4E4C-ADD4-6E979A959F0D}.Release|Any CPU.ActiveCfg = Release|Any CPU
		{FD448890-59C0-4E4C-ADD4-6E979A959F0D}.Release|Any CPU.Build.0 = Release|Any CPU
		{1DDE30BC-5E85-468B-80DF-7B8945AE6F71}.Debug|Any CPU.ActiveCfg = Debug|Any CPU
		{1DDE30BC-5E85-468B-80DF-7B8945AE6F71}.Debug|Any CPU.Build.0 = Debug|Any CPU
		{1DDE30BC-5E85-468B-80DF-7B8945AE6F71}.Release|Any CPU.ActiveCfg = Release|Any CPU
		{1DDE30BC-5E85-468B-80DF-7B8945AE6F71}.Release|Any CPU.Build.0 = Release|Any CPU
	EndGlobalSection
	GlobalSection(SolutionProperties) = preSolution
		HideSolutionNode = FALSE
	EndGlobalSection
	GlobalSection(ExtensibilityGlobals) = postSolution
		SolutionGuid = {219C327E-B3D5-4FC8-8CCE-7991E6583026}
	EndGlobalSection
EndGlobal
